// !$*UTF8*$!
{
	archiveVersion = 1;
	classes = {
	};
	objectVersion = 46;
	objects = {

/* Begin PBXBuildFile section */
		FE35C40519F2D09300CCC1FD /* main.cpp in Sources */ = {isa = PBXBuildFile; fileRef = FE35C40419F2D09300CCC1FD /* main.cpp */; };
/* End PBXBuildFile section */

/* Begin PBXCopyFilesBuildPhase section */
		FE35C3FF19F2D09300CCC1FD /* CopyFiles */ = {
			isa = PBXCopyFilesBuildPhase;
			buildActionMask = 2147483647;
			dstPath = /usr/share/man/man1/;
			dstSubfolderSpec = 0;
			files = (
			);
			runOnlyForDeploymentPostprocessing = 1;
		};
/* End PBXCopyFilesBuildPhase section */

/* Begin PBXFileReference section */
		FE35C40119F2D09300CCC1FD /* Midterm */ = {isa = PBXFileReference; explicitFileType = "compiled.mach-o.executable"; includeInIndex = 0; path = Midterm; sourceTree = BUILT_PRODUCTS_DIR; };
		FE35C40419F2D09300CCC1FD /* main.cpp */ = {isa = PBXFileReference; lastKnownFileType = sourcecode.cpp.cpp; path = main.cpp; sourceTree = "<group>"; };
/* End PBXFileReference section */

/* Begin PBXFrameworksBuildPhase section */
		FE35C3FE19F2D09300CCC1FD /* Frameworks */ = {
			isa = PBXFrameworksBuildPhase;
			buildActionMask = 2147483647;
			files = (
			);
			runOnlyForDeploymentPostprocessing = 0;
		};
/* End PBXFrameworksBuildPhase section */

/* Begin PBXGroup section */
		FE35C3F819F2D09300CCC1FD = {
			isa = PBXGroup;
			children = (
				FE35C40319F2D09300CCC1FD /* Midterm */,
				FE35C40219F2D09300CCC1FD /* Products */,
			);
			sourceTree = "<group>";
		};
		FE35C40219F2D09300CCC1FD /* Products */ = {
			isa = PBXGroup;
			children = (
				FE35C40119F2D09300CCC1FD /* Midterm */,
			);
			name = Products;
			sourceTree = "<group>";
		};
		FE35C40319F2D09300CCC1FD /* Midterm */ = {
			isa = PBXGroup;
			children = (
				FE35C40419F2D09300CCC1FD /* main.cpp */,
			);
			path = Midterm;
			sourceTree = "<group>";
		};
/* End PBXGroup section */

/* Begin PBXNativeTarget section */
		FE35C40019F2D09300CCC1FD /* Midterm */ = {
			isa = PBXNativeTarget;
			buildConfigurationList = FE35C40819F2D09300CCC1FD /* Build configuration list for PBXNativeTarget "Midterm" */;
			buildPhases = (
				FE35C3FD19F2D09300CCC1FD /* Sources */,
				FE35C3FE19F2D09300CCC1FD /* Frameworks */,
				FE35C3FF19F2D09300CCC1FD /* CopyFiles */,
			);
			buildRules = (
			);
			dependencies = (
			);
			name = Midterm;
			productName = Midterm;
			productReference = FE35C40119F2D09300CCC1FD /* Midterm */;
			productType = "com.apple.product-type.tool";
		};
/* End PBXNativeTarget section */

/* Begin PBXProject section */
		FE35C3F919F2D09300CCC1FD /* Project object */ = {
			isa = PBXProject;
			attributes = {
				LastUpgradeCheck = 0600;
				ORGANIZATIONNAME = Juan;
				TargetAttributes = {
					FE35C40019F2D09300CCC1FD = {
						CreatedOnToolsVersion = 6.0.1;
					};
				};
			};
			buildConfigurationList = FE35C3FC19F2D09300CCC1FD /* Build configuration list for PBXProject "Midterm" */;
			compatibilityVersion = "Xcode 3.2";
			developmentRegion = English;
			hasScannedForEncodings = 0;
			knownRegions = (
				en,
			);
			mainGroup = FE35C3F819F2D09300CCC1FD;
			productRefGroup = FE35C40219F2D09300CCC1FD /* Products */;
			projectDirPath = "";
			projectRoot = "";
			targets = (
				FE35C40019F2D09300CCC1FD /* Midterm */,
			);
		};
/* End PBXProject section */

/* Begin PBXSourcesBuildPhase section */
		FE35C3FD19F2D09300CCC1FD /* Sources */ = {
			isa = PBXSourcesBuildPhase;
			buildActionMask = 2147483647;
			files = (
				FE35C40519F2D09300CCC1FD /* main.cpp in Sources */,
			);
			runOnlyForDeploymentPostprocessing = 0;
		};
/* End PBXSourcesBuildPhase section */

/* Begin XCBuildConfiguration section */
		FE35C40619F2D09300CCC1FD /* Debug */ = {
			isa = XCBuildConfiguration;
			buildSettings = {
				ALWAYS_SEARCH_USER_PATHS = NO;
				CLANG_CXX_LANGUAGE_STANDARD = "gnu++0x";
				CLANG_CXX_LIBRARY = "libc++";
				CLANG_ENABLE_MODULES = YES;
				CLANG_ENABLE_OBJC_ARC = YES;
				CLANG_WARN_BOOL_CONVERSION = YES;
				CLANG_WARN_CONSTANT_CONVERSION = YES;
				CLANG_WARN_DIRECT_OBJC_ISA_USAGE = YES_ERROR;
				CLANG_WARN_EMPTY_BODY = YES;
				CLANG_WARN_ENUM_CONVERSION = YES;
				CLANG_WARN_INT_CONVERSION = YES;
				CLANG_WARN_OBJC_ROOT_CLASS = YES_ERROR;
				CLANG_WARN_UNREACHABLE_CODE = YES;
				CLANG_WARN__DUPLICATE_METHOD_MATCH = YES;
				COPY_PHASE_STRIP = NO;
				ENABLE_STRICT_OBJC_MSGSEND = YES;
				GCC_C_LANGUAGE_STANDARD = gnu99;
				GCC_DYNAMIC_NO_PIC = NO;
				GCC_OPTIMIZATION_LEVEL = 0;
				GCC_PREPROCESSOR_DEFINITIONS = (
					"DEBUG=1",
					"$(inherited)",
				);
				GCC_SYMBOLS_PRIVATE_EXTERN = NO;
				GCC_WARN_64_TO_32_BIT_CONVERSION = YES;
				GCC_WARN_ABOUT_RETURN_TYPE = YES_ERROR;
				GCC_WARN_UNDECLARED_SELECTOR = YES;
				GCC_WARN_UNINITIALIZED_AUTOS = YES_AGGRESSIVE;
				GCC_WARN_UNUSED_FUNCTION = YES;
				GCC_WARN_UNUSED_VARIABLE = YES;
				MACOSX_DEPLOYMENT_TARGET = 10.10;
				MTL_ENABLE_DEBUG_INFO = YES;
				ONLY_ACTIVE_ARCH = YES;
				SDKROOT = macosx;
			};
			name = Debug;
		};
		FE35C40719F2D09300CCC1FD /* Release */ = {
			isa = XCBuildConfiguration;
			buildSettings = {
				ALWAYS_SEARCH_USER_PATHS = NO;
				CLANG_CXX_LANGUAGE_STANDARD = "gnu++0x";
				CLANG_CXX_LIBRARY = "libc++";
				CLANG_ENABLE_MODULES = YES;
				CLANG_ENABLE_OBJC_ARC = YES;
				CLANG_WARN_BOOL_CONVERSION = YES;
				CLANG_WARN_CONSTANT_CONVERSION = YES;
				CLANG_WARN_DIRECT_OBJC_ISA_USAGE = YES_ERROR;
				CLANG_WARN_EMPTY_BODY = YES;
				CLANG_WARN_ENUM_CONVERSION = YES;
				CLANG_WARN_INT_CONVERSION = YES;
				CLANG_WARN_OBJC_ROOT_CLASS = YES_ERROR;
				CLANG_WARN_UNREACHABLE_CODE = YES;
				CLANG_WARN__DUPLICATE_METHOD_MATCH = YES;
				COPY_PHASE_STRIP = YES;
				DEBUG_INFORMATION_FORMAT = "dwarf-with-dsym";
				ENABLE_NS_ASSERTIONS = NO;
				ENABLE_STRICT_OBJC_MSGSEND = YES;
				GCC_C_LANGUAGE_STANDARD = gnu99;
				GCC_WARN_64_TO_32_BIT_CONVERSION = YES;
				GCC_WARN_ABOUT_RETURN_TYPE = YES_ERROR;
				GCC_WARN_UNDECLARED_SELECTOR = YES;
				GCC_WARN_UNINITIALIZED_AUTOS = YES_AGGRESSIVE;
				GCC_WARN_UNUSED_FUNCTION = YES;
				GCC_WARN_UNUSED_VARIABLE = YES;
				MACOSX_DEPLOYMENT_TARGET = 10.10;
				MTL_ENABLE_DEBUG_INFO = NO;
				SDKROOT = macosx;
			};
			name = Release;
		};
		FE35C40919F2D09300CCC1FD /* Debug */ = {
			isa = XCBuildConfiguration;
			buildSettings = {
				PRODUCT_NAME = "$(TARGET_NAME)";
			};
			name = Debug;
		};
		FE35C40A19F2D09300CCC1FD /* Release */ = {
			isa = XCBuildConfiguration;
			buildSettings = {
				PRODUCT_NAME = "$(TARGET_NAME)";
			};
			name = Release;
		};
/* End XCBuildConfiguration section */

/* Begin XCConfigurationList section */
		FE35C3FC19F2D09300CCC1FD /* Build configuration list for PBXProject "Midterm" */ = {
			isa = XCConfigurationList;
			buildConfigurations = (
				FE35C40619F2D09300CCC1FD /* Debug */,
				FE35C40719F2D09300CCC1FD /* Release */,
			);
			defaultConfigurationIsVisible = 0;
			defaultConfigurationName = Release;
		};
		FE35C40819F2D09300CCC1FD /* Build configuration list for PBXNativeTarget "Midterm" */ = {
			isa = XCConfigurationList;
			buildConfigurations = (
				FE35C40919F2D09300CCC1FD /* Debug */,
				FE35C40A19F2D09300CCC1FD /* Release */,
			);
			defaultConfigurationIsVisible = 0;
		};
/* End XCConfigurationList section */
	};
	rootObject = FE35C3F919F2D09300CCC1FD /* Project object */;
}
